[[package]]
name = "bleach"
version = "3.1.5"
description = "An easy safelist-based HTML-sanitizing tool."
category = "main"
optional = false
python-versions = ">=2.7, !=3.0.*, !=3.1.*, !=3.2.*, !=3.3.*, !=3.4.*"

[package.dependencies]
packaging = "*"
six = ">=1.9.0"
webencodings = "*"

[[package]]
name = "certifi"
version = "2020.4.5.1"
description = "Python package for providing Mozilla's CA Bundle."
category = "main"
optional = false
python-versions = "*"

[[package]]
name = "chardet"
version = "3.0.4"
description = "Universal encoding detector for Python 2 and 3"
category = "main"
optional = false
python-versions = "*"

[[package]]
name = "click"
version = "7.1.2"
description = "Composable command line interface toolkit"
category = "main"
optional = false
python-versions = ">=2.7, !=3.0.*, !=3.1.*, !=3.2.*, !=3.3.*, !=3.4.*"

[[package]]
name = "colorama"
version = "0.4.3"
description = "Cross-platform colored terminal text."
category = "main"
optional = false
python-versions = ">=2.7, !=3.0.*, !=3.1.*, !=3.2.*, !=3.3.*, !=3.4.*"

[[package]]
name = "elementpath"
version = "1.4.4"
description = "XPath 1.0/2.0 parsers and selectors for ElementTree and lxml"
category = "main"
optional = false
python-versions = "*"

[[package]]
name = "fints"
version = "3.0.0"
description = "Pure-python FinTS 3.0 (formerly known as HBCI) implementation"
category = "main"
optional = false
python-versions = "*"

[package.dependencies]
bleach = "*"
mt-940 = "*"
requests = "*"
sepaxml = ">=2.1,<3.0"

[[package]]
name = "idna"
version = "2.9"
description = "Internationalized Domain Names in Applications (IDNA)"
category = "main"
optional = false
python-versions = ">=2.7, !=3.0.*, !=3.1.*, !=3.2.*, !=3.3.*"

[[package]]
name = "logzero"
version = "1.5.0"
description = "Robust and effective logging for Python 2 and 3"
category = "main"
optional = false
python-versions = "*"

[package.dependencies]
colorama = {version = "*", markers = "sys_platform == \"win32\""}

[[package]]
name = "mt-940"
version = "4.21.0"
description = "A library to parse MT940 files and returns smart Python collections for statistics and manipulation."
category = "main"
optional = false
python-versions = "*"

[package.extras]
docs = ["sphinx (>=1.7.2)", "GitPython (>=2.1.9)", "sphinx2rst"]
tests = ["pyyaml", "pytest", "pytest-cache", "pytest-cover", "pytest-flakes", "pytest-pep8", "flake8"]

[[package]]
name = "packaging"
version = "20.3"
description = "Core utilities for Python packages"
category = "main"
optional = false
python-versions = ">=2.7, !=3.0.*, !=3.1.*, !=3.2.*, !=3.3.*"

[package.dependencies]
pyparsing = ">=2.0.2"
six = "*"

[[package]]
name = "pydantic"
version = "1.8.2"
description = "Data validation and settings management using python 3.6 type hinting"
category = "main"
optional = false
python-versions = ">=3.6.1"

[package.dependencies]
typing-extensions = ">=3.7.4.3"

[package.extras]
dotenv = ["python-dotenv (>=0.10.4)"]
email = ["email-validator (>=1.0.3)"]

[[package]]
name = "pyparsing"
version = "2.4.7"
description = "Python parsing module"
category = "main"
optional = false
python-versions = ">=2.6, !=3.0.*, !=3.1.*, !=3.2.*"

[[package]]
name = "python-dateutil"
version = "2.8.1"
description = "Extensions to the standard Python datetime module"
category = "main"
optional = false
python-versions = "!=3.0.*,!=3.1.*,!=3.2.*,>=2.7"

[package.dependencies]
six = ">=1.5"

[[package]]
name = "pyyaml"
version = "5.3.1"
description = "YAML parser and emitter for Python"
category = "main"
optional = false
python-versions = ">=2.7, !=3.0.*, !=3.1.*, !=3.2.*, !=3.3.*, !=3.4.*"

[[package]]
name = "requests"
version = "2.23.0"
description = "Python HTTP for Humans."
category = "main"
optional = false
python-versions = ">=2.7, !=3.0.*, !=3.1.*, !=3.2.*, !=3.3.*, !=3.4.*"

[package.dependencies]
certifi = ">=2017.4.17"
chardet = ">=3.0.2,<4"
idna = ">=2.5,<3"
urllib3 = ">=1.21.1,<1.25.0 || >1.25.0,<1.25.1 || >1.25.1,<1.26"

[package.extras]
security = ["pyOpenSSL (>=0.14)", "cryptography (>=1.3.4)"]
socks = ["PySocks (>=1.5.6,!=1.5.7)", "win-inet-pton"]

[[package]]
name = "sepaxml"
version = "2.2.0"
description = "Python SEPA XML implementations"
category = "main"
optional = false
python-versions = "*"

[package.dependencies]
text-unidecode = "*"
xmlschema = "*"

[[package]]
name = "six"
version = "1.14.0"
description = "Python 2 and 3 compatibility utilities"
category = "main"
optional = false
python-versions = ">=2.7, !=3.0.*, !=3.1.*, !=3.2.*"

[[package]]
name = "text-unidecode"
version = "1.3"
description = "The most basic Text::Unidecode port"
category = "main"
optional = false
python-versions = "*"

[[package]]
name = "typing-extensions"
version = "3.10.0.0"
description = "Backported and Experimental Type Hints for Python 3.5+"
category = "main"
optional = false
python-versions = "*"

[[package]]
name = "urllib3"
version = "1.25.9"
description = "HTTP library with thread-safe connection pooling, file post, and more."
category = "main"
optional = false
python-versions = ">=2.7, !=3.0.*, !=3.1.*, !=3.2.*, !=3.3.*, !=3.4.*, <4"

[package.extras]
brotli = ["brotlipy (>=0.6.0)"]
secure = ["certifi", "cryptography (>=1.3.4)", "idna (>=2.0.0)", "pyOpenSSL (>=0.14)", "ipaddress"]
socks = ["PySocks (>=1.5.6,!=1.5.7,<2.0)"]

[[package]]
name = "webencodings"
version = "0.5.1"
description = "Character encoding aliases for legacy web content"
category = "main"
optional = false
python-versions = "*"

[[package]]
name = "xmlschema"
version = "1.1.3"
description = "An XML Schema validator and decoder"
category = "main"
optional = false
python-versions = "*"

[package.dependencies]
elementpath = ">=1.4.0,<1.5.0"

[[package]]
name = "ynab-api"
version = "2.0.0"
description = ""
category = "main"
optional = false
python-versions = ">=3.6"
develop = false

[package.dependencies]
python-dateutil = "*"
urllib3 = ">=1.25.3"

[package.source]
type = "git"
url = "https://github.com/dmlerner/ynab-api"
reference = "master"
resolved_reference = "0f6e2e5c032317cbfa5ebd7823a7f19a7877fd50"

[metadata]
lock-version = "1.1"
python-versions = "^3.7"
content-hash = "429d78e90366869ebc42dc2a228ceb694de8c643e00f095c0719fa59c6cc0058"

[metadata.files]
bleach = [
    {file = "bleach-3.1.5-py2.py3-none-any.whl", hash = "sha256:2bce3d8fab545a6528c8fa5d9f9ae8ebc85a56da365c7f85180bfe96a35ef22f"},
    {file = "bleach-3.1.5.tar.gz", hash = "sha256:3c4c520fdb9db59ef139915a5db79f8b51bc2a7257ea0389f30c846883430a4b"},
]
certifi = [
    {file = "certifi-2020.4.5.1-py2.py3-none-any.whl", hash = "sha256:1d987a998c75633c40847cc966fcf5904906c920a7f17ef374f5aa4282abd304"},
    {file = "certifi-2020.4.5.1.tar.gz", hash = "sha256:51fcb31174be6e6664c5f69e3e1691a2d72a1a12e90f872cbdb1567eb47b6519"},
]
chardet = [
    {file = "chardet-3.0.4-py2.py3-none-any.whl", hash = "sha256:fc323ffcaeaed0e0a02bf4d117757b98aed530d9ed4531e3e15460124c106691"},
    {file = "chardet-3.0.4.tar.gz", hash = "sha256:84ab92ed1c4d4f16916e05906b6b75a6c0fb5db821cc65e70cbd64a3e2a5eaae"},
]
click = [
    {file = "click-7.1.2-py2.py3-none-any.whl", hash = "sha256:dacca89f4bfadd5de3d7489b7c8a566eee0d3676333fbb50030263894c38c0dc"},
    {file = "click-7.1.2.tar.gz", hash = "sha256:d2b5255c7c6349bc1bd1e59e08cd12acbbd63ce649f2588755783aa94dfb6b1a"},
]
colorama = [
    {file = "colorama-0.4.3-py2.py3-none-any.whl", hash = "sha256:7d73d2a99753107a36ac6b455ee49046802e59d9d076ef8e47b61499fa29afff"},
    {file = "colorama-0.4.3.tar.gz", hash = "sha256:e96da0d330793e2cb9485e9ddfd918d456036c7149416295932478192f4436a1"},
]
elementpath = [
    {file = "elementpath-1.4.4-py3-none-any.whl", hash = "sha256:f43ae8a1a9f9ade8a25e102f9af766fffb920729a5ac7a7aeae5b7964bf9af5c"},
    {file = "elementpath-1.4.4.tar.gz", hash = "sha256:edef8099a6c606cf0fa7b8a4845bd90875af1649f12288228950eb936ccbc44a"},
]
fints = [
    {file = "fints-3.0.0-py3-none-any.whl", hash = "sha256:46581d2d538558c4017b5ea19276fb86b1ffcfa0547ff2a04309dbd8511aadec"},
    {file = "fints-3.0.0.tar.gz", hash = "sha256:4349e1541b9b931cd17c846fd9916003704a277b979a0d88e3bacffe4fe90a24"},
]
idna = [
    {file = "idna-2.9-py2.py3-none-any.whl", hash = "sha256:a068a21ceac8a4d63dbfd964670474107f541babbd2250d61922f029858365fa"},
    {file = "idna-2.9.tar.gz", hash = "sha256:7588d1c14ae4c77d74036e8c22ff447b26d0fde8f007354fd48a7814db15b7cb"},
]
logzero = [
    {file = "logzero-1.5.0-py2.py3-none-any.whl", hash = "sha256:818072e4fcb53a3f6fb4114a92f920e1135fe6f47bffd9dc2b6c4d10eedacf27"},
    {file = "logzero-1.5.0.tar.gz", hash = "sha256:34fa1e2e436dfa9f37e5ff8750e932bafe0c5abbb42e1f669e4cf5ce1f179142"},
]
mt-940 = [
    {file = "mt-940-4.21.0.tar.gz", hash = "sha256:7cbd88fd7252d5a2694593633b31f819eb302423058fecb9f9959e74c01c2b86"},
    {file = "mt_940-4.21.0-py2.py3-none-any.whl", hash = "sha256:81fbfe647ebf2fc9700d6f61e2ba4c9d6c5fab56ccde2b54144481497c64b65c"},
]
packaging = [
    {file = "packaging-20.3-py2.py3-none-any.whl", hash = "sha256:82f77b9bee21c1bafbf35a84905d604d5d1223801d639cf3ed140bd651c08752"},
    {file = "packaging-20.3.tar.gz", hash = "sha256:3c292b474fda1671ec57d46d739d072bfd495a4f51ad01a055121d81e952b7a3"},
]
pydantic = [
    {file = "pydantic-1.8.2-cp36-cp36m-macosx_10_9_x86_64.whl", hash = "sha256:05ddfd37c1720c392f4e0d43c484217b7521558302e7069ce8d318438d297739"},
    {file = "pydantic-1.8.2-cp36-cp36m-manylinux1_i686.whl", hash = "sha256:a7c6002203fe2c5a1b5cbb141bb85060cbff88c2d78eccbc72d97eb7022c43e4"},
    {file = "pydantic-1.8.2-cp36-cp36m-manylinux2014_i686.whl", hash = "sha256:589eb6cd6361e8ac341db97602eb7f354551482368a37f4fd086c0733548308e"},
    {file = "pydantic-1.8.2-cp36-cp36m-manylinux2014_x86_64.whl", hash = "sha256:10e5622224245941efc193ad1d159887872776df7a8fd592ed746aa25d071840"},
    {file = "pydantic-1.8.2-cp36-cp36m-win_amd64.whl", hash = "sha256:99a9fc39470010c45c161a1dc584997f1feb13f689ecf645f59bb4ba623e586b"},
    {file = "pydantic-1.8.2-cp37-cp37m-macosx_10_9_x86_64.whl", hash = "sha256:a83db7205f60c6a86f2c44a61791d993dff4b73135df1973ecd9eed5ea0bda20"},
    {file = "pydantic-1.8.2-cp37-cp37m-manylinux1_i686.whl", hash = "sha256:41b542c0b3c42dc17da70554bc6f38cbc30d7066d2c2815a94499b5684582ecb"},
    {file = "pydantic-1.8.2-cp37-cp37m-manylinux2014_i686.whl", hash = "sha256:ea5cb40a3b23b3265f6325727ddfc45141b08ed665458be8c6285e7b85bd73a1"},
    {file = "pydantic-1.8.2-cp37-cp37m-manylinux2014_x86_64.whl", hash = "sha256:18b5ea242dd3e62dbf89b2b0ec9ba6c7b5abaf6af85b95a97b00279f65845a23"},
    {file = "pydantic-1.8.2-cp37-cp37m-win_amd64.whl", hash = "sha256:234a6c19f1c14e25e362cb05c68afb7f183eb931dd3cd4605eafff055ebbf287"},
    {file = "pydantic-1.8.2-cp38-cp38-macosx_10_9_x86_64.whl", hash = "sha256:021ea0e4133e8c824775a0cfe098677acf6fa5a3cbf9206a376eed3fc09302cd"},
    {file = "pydantic-1.8.2-cp38-cp38-manylinux1_i686.whl", hash = "sha256:e710876437bc07bd414ff453ac8ec63d219e7690128d925c6e82889d674bb505"},
    {file = "pydantic-1.8.2-cp38-cp38-manylinux2014_i686.whl", hash = "sha256:ac8eed4ca3bd3aadc58a13c2aa93cd8a884bcf21cb019f8cfecaae3b6ce3746e"},
    {file = "pydantic-1.8.2-cp38-cp38-manylinux2014_x86_64.whl", hash = "sha256:4a03cbbe743e9c7247ceae6f0d8898f7a64bb65800a45cbdc52d65e370570820"},
    {file = "pydantic-1.8.2-cp38-cp38-win_amd64.whl", hash = "sha256:8621559dcf5afacf0069ed194278f35c255dc1a1385c28b32dd6c110fd6531b3"},
    {file = "pydantic-1.8.2-cp39-cp39-macosx_10_9_x86_64.whl", hash = "sha256:8b223557f9510cf0bfd8b01316bf6dd281cf41826607eada99662f5e4963f316"},
    {file = "pydantic-1.8.2-cp39-cp39-manylinux1_i686.whl", hash = "sha256:244ad78eeb388a43b0c927e74d3af78008e944074b7d0f4f696ddd5b2af43c62"},
    {file = "pydantic-1.8.2-cp39-cp39-manylinux2014_i686.whl", hash = "sha256:05ef5246a7ffd2ce12a619cbb29f3307b7c4509307b1b49f456657b43529dc6f"},
    {file = "pydantic-1.8.2-cp39-cp39-manylinux2014_x86_64.whl", hash = "sha256:54cd5121383f4a461ff7644c7ca20c0419d58052db70d8791eacbbe31528916b"},
    {file = "pydantic-1.8.2-cp39-cp39-win_amd64.whl", hash = "sha256:4be75bebf676a5f0f87937c6ddb061fa39cbea067240d98e298508c1bda6f3f3"},
    {file = "pydantic-1.8.2-py3-none-any.whl", hash = "sha256:fec866a0b59f372b7e776f2d7308511784dace622e0992a0b59ea3ccee0ae833"},
    {file = "pydantic-1.8.2.tar.gz", hash = "sha256:26464e57ccaafe72b7ad156fdaa4e9b9ef051f69e175dbbb463283000c05ab7b"},
]
pyparsing = [
    {file = "pyparsing-2.4.7-py2.py3-none-any.whl", hash = "sha256:ef9d7589ef3c200abe66653d3f1ab1033c3c419ae9b9bdb1240a85b024efc88b"},
    {file = "pyparsing-2.4.7.tar.gz", hash = "sha256:c203ec8783bf771a155b207279b9bccb8dea02d8f0c9e5f8ead507bc3246ecc1"},
]
python-dateutil = [
    {file = "python-dateutil-2.8.1.tar.gz", hash = "sha256:73ebfe9dbf22e832286dafa60473e4cd239f8592f699aa5adaf10050e6e1823c"},
    {file = "python_dateutil-2.8.1-py2.py3-none-any.whl", hash = "sha256:75bb3f31ea686f1197762692a9ee6a7550b59fc6ca3a1f4b5d7e32fb98e2da2a"},
]
pyyaml = [
    {file = "PyYAML-5.3.1-cp27-cp27m-win32.whl", hash = "sha256:74809a57b329d6cc0fdccee6318f44b9b8649961fa73144a98735b0aaf029f1f"},
    {file = "PyYAML-5.3.1-cp27-cp27m-win_amd64.whl", hash = "sha256:240097ff019d7c70a4922b6869d8a86407758333f02203e0fc6ff79c5dcede76"},
    {file = "PyYAML-5.3.1-cp35-cp35m-win32.whl", hash = "sha256:4f4b913ca1a7319b33cfb1369e91e50354d6f07a135f3b901aca02aa95940bd2"},
    {file = "PyYAML-5.3.1-cp35-cp35m-win_amd64.whl", hash = "sha256:cc8955cfbfc7a115fa81d85284ee61147059a753344bc51098f3ccd69b0d7e0c"},
    {file = "PyYAML-5.3.1-cp36-cp36m-win32.whl", hash = "sha256:7739fc0fa8205b3ee8808aea45e968bc90082c10aef6ea95e855e10abf4a37b2"},
    {file = "PyYAML-5.3.1-cp36-cp36m-win_amd64.whl", hash = "sha256:69f00dca373f240f842b2931fb2c7e14ddbacd1397d57157a9b005a6a9942648"},
    {file = "PyYAML-5.3.1-cp37-cp37m-win32.whl", hash = "sha256:d13155f591e6fcc1ec3b30685d50bf0711574e2c0dfffd7644babf8b5102ca1a"},
    {file = "PyYAML-5.3.1-cp37-cp37m-win_amd64.whl", hash = "sha256:73f099454b799e05e5ab51423c7bcf361c58d3206fa7b0d555426b1f4d9a3eaf"},
    {file = "PyYAML-5.3.1-cp38-cp38-win32.whl", hash = "sha256:06a0d7ba600ce0b2d2fe2e78453a470b5a6e000a985dd4a4e54e436cc36b0e97"},
    {file = "PyYAML-5.3.1-cp38-cp38-win_amd64.whl", hash = "sha256:95f71d2af0ff4227885f7a6605c37fd53d3a106fcab511b8860ecca9fcf400ee"},
    {file = "PyYAML-5.3.1.tar.gz", hash = "sha256:b8eac752c5e14d3eca0e6dd9199cd627518cb5ec06add0de9d32baeee6fe645d"},
]
requests = [
    {file = "requests-2.23.0-py2.py3-none-any.whl", hash = "sha256:43999036bfa82904b6af1d99e4882b560e5e2c68e5c4b0aa03b655f3d7d73fee"},
    {file = "requests-2.23.0.tar.gz", hash = "sha256:b3f43d496c6daba4493e7c431722aeb7dbc6288f52a6e04e7b6023b0247817e6"},
]
sepaxml = [
    {file = "sepaxml-2.2.0-py3-none-any.whl", hash = "sha256:be383d042239fba1aa05b49df0dd678bdfe673060c0aa09bb56a40a656a1604b"},
    {file = "sepaxml-2.2.0.tar.gz", hash = "sha256:51059d72977ac6c3e4b9834cc631842e531b332b3429e65c96b42ac1673a7677"},
]
six = [
    {file = "six-1.14.0-py2.py3-none-any.whl", hash = "sha256:8f3cd2e254d8f793e7f3d6d9df77b92252b52637291d0f0da013c76ea2724b6c"},
    {file = "six-1.14.0.tar.gz", hash = "sha256:236bdbdce46e6e6a3d61a337c0f8b763ca1e8717c03b369e87a7ec7ce1319c0a"},
]
text-unidecode = [
    {file = "text-unidecode-1.3.tar.gz", hash = "sha256:bad6603bb14d279193107714b288be206cac565dfa49aa5b105294dd5c4aab93"},
    {file = "text_unidecode-1.3-py2.py3-none-any.whl", hash = "sha256:1311f10e8b895935241623731c2ba64f4c455287888b18189350b67134a822e8"},
]
typing-extensions = [
    {file = "typing_extensions-3.10.0.0-py2-none-any.whl", hash = "sha256:0ac0f89795dd19de6b97debb0c6af1c70987fd80a2d62d1958f7e56fcc31b497"},
    {file = "typing_extensions-3.10.0.0-py3-none-any.whl", hash = "sha256:779383f6086d90c99ae41cf0ff39aac8a7937a9283ce0a414e5dd782f4c94a84"},
    {file = "typing_extensions-3.10.0.0.tar.gz", hash = "sha256:50b6f157849174217d0656f99dc82fe932884fb250826c18350e159ec6cdf342"},
]
urllib3 = [
    {file = "urllib3-1.25.9-py2.py3-none-any.whl", hash = "sha256:88206b0eb87e6d677d424843ac5209e3fb9d0190d0ee169599165ec25e9d9115"},
    {file = "urllib3-1.25.9.tar.gz", hash = "sha256:3018294ebefce6572a474f0604c2021e33b3fd8006ecd11d62107a5d2a963527"},
]
webencodings = [
    {file = "webencodings-0.5.1-py2.py3-none-any.whl", hash = "sha256:a0af1213f3c2226497a97e2b3aa01a7e4bee4f403f95be16fc9acd2947514a78"},
    {file = "webencodings-0.5.1.tar.gz", hash = "sha256:b36a1c245f2d304965eb4e0a82848379241dc04b865afcc4aab16748587e1923"},
]
xmlschema = [
    {file = "xmlschema-1.1.3-py3-none-any.whl", hash = "sha256:71419f840d5c97e6b6d66c643320137c4e4ecd797eeca9eaa5486cbac480f70a"},
    {file = "xmlschema-1.1.3.tar.gz", hash = "sha256:6562e94719a1b49edba2f3bd3815c34f7868293e2b01cfa34b0343a4d439a318"},
]
ynab-api = []
